
Microsoft Visual Studio Solution File, Format Version 12.00
# Visual Studio Version 16
VisualStudioVersion = 16.0.29926.136
MinimumVisualStudioVersion = 10.0.40219.1
Project("{9A19103F-16F7-4668-BE54-9A1E7A4F7556}") = "AdlerHash", "AdlerHash\AdlerHash.csproj", "{DFF216DB-CCB3-416B-9A82-BE9C95CE3001}"
EndProject
Project("{9A19103F-16F7-4668-BE54-9A1E7A4F7556}") = "AdlerHashTest", "AdlerHashTest\AdlerHashTest.csproj", "{30DA5629-49A3-48D3-A9A0-E4E68F4215D6}"
EndProject
Project("{9A19103F-16F7-4668-BE54-9A1E7A4F7556}") = "Benchmark", "Benchmark\Benchmark.csproj", "{AC87984D-9622-4572-A3B7-267CA60076FD}"
EndProject
Global
	GlobalSection(SolutionConfigurationPlatforms) = preSolution
		Debug|Any CPU = Debug|Any CPU
		Release|Any CPU = Release|Any CPU
	EndGlobalSection
	GlobalSection(ProjectConfigurationPlatforms) = postSolution
		{DFF216DB-CCB3-416B-9A82-BE9C95CE3001}.Debug|Any CPU.ActiveCfg = Debug|Any CPU
		{DFF216DB-CCB3-416B-9A82-BE9C95CE3001}.Debug|Any CPU.Build.0 = Debug|Any CPU
		{DFF216DB-CCB3-416B-9A82-BE9C95CE3001}.Release|Any CPU.ActiveCfg = Release|Any CPU
		{DFF216DB-CCB3-416B-9A82-BE9C95CE3001}.Release|Any CPU.Build.0 = Release|Any CPU
		{30DA5629-49A3-48D3-A9A0-E4E68F4215D6}.Debug|Any CPU.ActiveCfg = Debug|Any CPU
		{30DA5629-49A3-48D3-A9A0-E4E68F4215D6}.Debug|Any CPU.Build.0 = Debug|Any CPU
		{30DA5629-49A3-48D3-A9A0-E4E68F4215D6}.Release|Any CPU.ActiveCfg = Release|Any CPU
		{30DA5629-49A3-48D3-A9A0-E4E68F4215D6}.Release|Any CPU.Build.0 = Release|Any CPU
		{AC87984D-9622-4572-A3B7-267CA60076FD}.Debug|Any CPU.ActiveCfg = Debug|Any CPU
		{AC87984D-9622-4572-A3B7-267CA60076FD}.Debug|Any CPU.Build.0 = Debug|Any CPU
		{AC87984D-9622-4572-A3B7-267CA60076FD}.Release|Any CPU.ActiveCfg = Release|Any CPU
		{AC87984D-9622-4572-A3B7-267CA60076FD}.Release|Any CPU.Build.0 = Release|Any CPU
	EndGlobalSection
	GlobalSection(SolutionProperties) = preSolution
		HideSolutionNode = FALSE
	EndGlobalSection
	GlobalSection(ExtensibilityGlobals) = postSolution
		SolutionGuid = {24D2AB2A-2DA6-4EE6-85EE-BB76CCB19A6F}
	EndGlobalSection
EndGlobal
